
Microsoft Visual Studio Solution File, Format Version 12.00
# Visual Studio Version 17
VisualStudioVersion = 17.14.36414.22
MinimumVisualStudioVersion = 10.0.40219.1
Project("{2150E333-8FDC-42A3-9474-1A3956D46DE8}") = "Task0", "Task0", "{02EA681E-C7D8-13C7-8484-4AC65E1B71E8}"
EndProject
Project("{FAE04EC0-301F-11D3-BF4B-00C04F79EFBC}") = "Tyuiu.MedvedevDP.Sprint4.Task0.V19", "Tyuiu.MedvedevDP.Sprint4.Task0.V19\Tyuiu.MedvedevDP.Sprint4.Task0.V19.csproj", "{FAD31687-FF4F-44DD-8771-65A64354310C}"
EndProject
Project("{FAE04EC0-301F-11D3-BF4B-00C04F79EFBC}") = "Tyuiu.MedvedevDP.Sprint4.Task0.V19.Lib", "Tyuiu.MedvedevDP.Sprint4.Task0.V19.Lib\Tyuiu.MedvedevDP.Sprint4.Task0.V19.Lib.csproj", "{5966E9EB-0376-4EE6-A5A5-2D6106923BC3}"
EndProject
Project("{FAE04EC0-301F-11D3-BF4B-00C04F79EFBC}") = "Tyuiu.MedvedevDP.Sprint4.Task0.V19.Test", "Tyuiu.MedvedevDP.Sprint4.Task0.V19.Test\Tyuiu.MedvedevDP.Sprint4.Task0.V19.Test.csproj", "{566310DC-33A5-4884-AF32-CC086BA64A33}"
EndProject
Project("{2150E333-8FDC-42A3-9474-1A3956D46DE8}") = "Task1", "Task1", "{0C3D3307-0537-4D72-A9FF-DE5EB0656AB6}"
EndProject
Project("{FAE04EC0-301F-11D3-BF4B-00C04F79EFBC}") = "Tyuiu.MedvedevDP.Sprint4.Task1.V20", "Tyuiu.MedvedevDP.Sprint4.Task1.V20\Tyuiu.MedvedevDP.Sprint4.Task1.V20.csproj", "{37B6F188-D227-47AA-8FCF-50931137D725}"
EndProject
Project("{FAE04EC0-301F-11D3-BF4B-00C04F79EFBC}") = "Tyuiu.MedvedevDP.Sprint4.Task1.V20.Lib", "Tyuiu.MedvedevDP.Sprint4.Task1.V20.Lib\Tyuiu.MedvedevDP.Sprint4.Task1.V20.Lib.csproj", "{31E37E9D-5090-409C-82D7-1DEAFB21DB97}"
EndProject
Project("{FAE04EC0-301F-11D3-BF4B-00C04F79EFBC}") = "Tyuiu.MedvedevDP.Sprint4.Task1.V20.Test", "Tyuiu.MedvedevDP.Sprint4.Task1.V20.Test\Tyuiu.MedvedevDP.Sprint4.Task1.V20.Test.csproj", "{1FEE0AA2-7B33-4E9A-8718-9E0341809739}"
EndProject
Project("{2150E333-8FDC-42A3-9474-1A3956D46DE8}") = "Task2", "Task2", "{2B74CC0A-67EA-401A-AF0E-520C33E8EF27}"
EndProject
Project("{FAE04EC0-301F-11D3-BF4B-00C04F79EFBC}") = "Tyuiu.MedvedevDP.Sprint4.Task2.V7", "Tyuiu.MedvedevDP.Sprint4.Task2.V7\Tyuiu.MedvedevDP.Sprint4.Task2.V7.csproj", "{C5BBC543-B44C-4806-A103-4CE6F2E94A07}"
EndProject
Project("{FAE04EC0-301F-11D3-BF4B-00C04F79EFBC}") = "Tyuiu.MedvedevDP.Sprint4.Task2.V7.Lib", "Tyuiu.MedvedevDP.Sprint4.Task2.V7.Lib\Tyuiu.MedvedevDP.Sprint4.Task2.V7.Lib.csproj", "{165A5B90-ED24-4433-86DE-1D24494DBCD9}"
EndProject
Project("{FAE04EC0-301F-11D3-BF4B-00C04F79EFBC}") = "Tyuiu.MedvedevDP.Sprint4.Task2.V7.Test", "Tyuiu.MedvedevDP.Sprint4.Task2.V7.Test\Tyuiu.MedvedevDP.Sprint4.Task2.V7.Test.csproj", "{FD39CF8C-4E8F-4126-8BFA-464A84A083B7}"
EndProject
Project("{2150E333-8FDC-42A3-9474-1A3956D46DE8}") = "Task3", "Task3", "{2659BF6F-D623-44FB-9C0F-EF3F5935342F}"
EndProject
Project("{FAE04EC0-301F-11D3-BF4B-00C04F79EFBC}") = "Tyuiu.MedvedevDP.Sprint4.Task3.V20", "Tyuiu.MedvedevDP.Sprint4.Task3.V20\Tyuiu.MedvedevDP.Sprint4.Task3.V20.csproj", "{DE1A85D1-2395-4A4B-A250-86F06540148A}"
EndProject
Project("{FAE04EC0-301F-11D3-BF4B-00C04F79EFBC}") = "Tyuiu.MedvedevDP.Sprint4.Task3.V20.Lib", "Tyuiu.MedvedevDP.Sprint4.Task3.V20.Lib\Tyuiu.MedvedevDP.Sprint4.Task3.V20.Lib.csproj", "{E086B289-E0CF-4204-8A47-B5BA70C61BB8}"
EndProject
Project("{FAE04EC0-301F-11D3-BF4B-00C04F79EFBC}") = "Tyuiu.MedvedevDP.Sprint4.Task3.V20.Test", "Tyuiu.MedvedevDP.Sprint4.Task3.V20.Test\Tyuiu.MedvedevDP.Sprint4.Task3.V20.Test.csproj", "{919266ED-24B7-4B33-80F8-05FA250EE11D}"
EndProject
Project("{2150E333-8FDC-42A3-9474-1A3956D46DE8}") = "Task4", "Task4", "{1930E066-1C88-4297-9BE0-F367684F3878}"
EndProject
Project("{FAE04EC0-301F-11D3-BF4B-00C04F79EFBC}") = "Tyuiu.MedvedevDP.Sprint4.Task4.V25", "Tyuiu.MedvedevDP.Sprint4.Task4.V25\Tyuiu.MedvedevDP.Sprint4.Task4.V25.csproj", "{CED12440-920D-4706-955C-8045F2B183C5}"
EndProject
Project("{FAE04EC0-301F-11D3-BF4B-00C04F79EFBC}") = "Tyuiu.MedvedevDP.Sprint4.Task4.V25.Lib", "Tyuiu.MedvedevDP.Sprint4.Task4.V25.Lib\Tyuiu.MedvedevDP.Sprint4.Task4.V25.Lib.csproj", "{B9718C8F-9EC7-4941-9F7D-F7732CD63D6F}"
EndProject
Project("{FAE04EC0-301F-11D3-BF4B-00C04F79EFBC}") = "Tyuiu.MedvedevDP.Sprint4.Task4.V25.Test", "Tyuiu.MedvedevDP.Sprint4.Task4.V25.Test\Tyuiu.MedvedevDP.Sprint4.Task4.V25.Test.csproj", "{206A3BB4-6B80-49C7-87FA-104DB5DBAD0F}"
EndProject
Global
	GlobalSection(SolutionConfigurationPlatforms) = preSolution
		Debug|Any CPU = Debug|Any CPU
		Release|Any CPU = Release|Any CPU
	EndGlobalSection
	GlobalSection(ProjectConfigurationPlatforms) = postSolution
		{FAD31687-FF4F-44DD-8771-65A64354310C}.Debug|Any CPU.ActiveCfg = Debug|Any CPU
		{FAD31687-FF4F-44DD-8771-65A64354310C}.Debug|Any CPU.Build.0 = Debug|Any CPU
		{FAD31687-FF4F-44DD-8771-65A64354310C}.Release|Any CPU.ActiveCfg = Release|Any CPU
		{FAD31687-FF4F-44DD-8771-65A64354310C}.Release|Any CPU.Build.0 = Release|Any CPU
		{5966E9EB-0376-4EE6-A5A5-2D6106923BC3}.Debug|Any CPU.ActiveCfg = Debug|Any CPU
		{5966E9EB-0376-4EE6-A5A5-2D6106923BC3}.Debug|Any CPU.Build.0 = Debug|Any CPU
		{5966E9EB-0376-4EE6-A5A5-2D6106923BC3}.Release|Any CPU.ActiveCfg = Release|Any CPU
		{5966E9EB-0376-4EE6-A5A5-2D6106923BC3}.Release|Any CPU.Build.0 = Release|Any CPU
		{566310DC-33A5-4884-AF32-CC086BA64A33}.Debug|Any CPU.ActiveCfg = Debug|Any CPU
		{566310DC-33A5-4884-AF32-CC086BA64A33}.Debug|Any CPU.Build.0 = Debug|Any CPU
		{566310DC-33A5-4884-AF32-CC086BA64A33}.Release|Any CPU.ActiveCfg = Release|Any CPU
		{566310DC-33A5-4884-AF32-CC086BA64A33}.Release|Any CPU.Build.0 = Release|Any CPU
		{37B6F188-D227-47AA-8FCF-50931137D725}.Debug|Any CPU.ActiveCfg = Debug|Any CPU
		{37B6F188-D227-47AA-8FCF-50931137D725}.Debug|Any CPU.Build.0 = Debug|Any CPU
		{37B6F188-D227-47AA-8FCF-50931137D725}.Release|Any CPU.ActiveCfg = Release|Any CPU
		{37B6F188-D227-47AA-8FCF-50931137D725}.Release|Any CPU.Build.0 = Release|Any CPU
		{31E37E9D-5090-409C-82D7-1DEAFB21DB97}.Debug|Any CPU.ActiveCfg = Debug|Any CPU
		{31E37E9D-5090-409C-82D7-1DEAFB21DB97}.Debug|Any CPU.Build.0 = Debug|Any CPU
		{31E37E9D-5090-409C-82D7-1DEAFB21DB97}.Release|Any CPU.ActiveCfg = Release|Any CPU
		{31E37E9D-5090-409C-82D7-1DEAFB21DB97}.Release|Any CPU.Build.0 = Release|Any CPU
		{1FEE0AA2-7B33-4E9A-8718-9E0341809739}.Debug|Any CPU.ActiveCfg = Debug|Any CPU
		{1FEE0AA2-7B33-4E9A-8718-9E0341809739}.Debug|Any CPU.Build.0 = Debug|Any CPU
		{1FEE0AA2-7B33-4E9A-8718-9E0341809739}.Release|Any CPU.ActiveCfg = Release|Any CPU
		{1FEE0AA2-7B33-4E9A-8718-9E0341809739}.Release|Any CPU.Build.0 = Release|Any CPU
		{C5BBC543-B44C-4806-A103-4CE6F2E94A07}.Debug|Any CPU.ActiveCfg = Debug|Any CPU
		{C5BBC543-B44C-4806-A103-4CE6F2E94A07}.Debug|Any CPU.Build.0 = Debug|Any CPU
		{C5BBC543-B44C-4806-A103-4CE6F2E94A07}.Release|Any CPU.ActiveCfg = Release|Any CPU
		{C5BBC543-B44C-4806-A103-4CE6F2E94A07}.Release|Any CPU.Build.0 = Release|Any CPU
		{165A5B90-ED24-4433-86DE-1D24494DBCD9}.Debug|Any CPU.ActiveCfg = Debug|Any CPU
		{165A5B90-ED24-4433-86DE-1D24494DBCD9}.Debug|Any CPU.Build.0 = Debug|Any CPU
		{165A5B90-ED24-4433-86DE-1D24494DBCD9}.Release|Any CPU.ActiveCfg = Release|Any CPU
		{165A5B90-ED24-4433-86DE-1D24494DBCD9}.Release|Any CPU.Build.0 = Release|Any CPU
		{FD39CF8C-4E8F-4126-8BFA-464A84A083B7}.Debug|Any CPU.ActiveCfg = Debug|Any CPU
		{FD39CF8C-4E8F-4126-8BFA-464A84A083B7}.Debug|Any CPU.Build.0 = Debug|Any CPU
		{FD39CF8C-4E8F-4126-8BFA-464A84A083B7}.Release|Any CPU.ActiveCfg = Release|Any CPU
		{FD39CF8C-4E8F-4126-8BFA-464A84A083B7}.Release|Any CPU.Build.0 = Release|Any CPU
		{DE1A85D1-2395-4A4B-A250-86F06540148A}.Debug|Any CPU.ActiveCfg = Debug|Any CPU
		{DE1A85D1-2395-4A4B-A250-86F06540148A}.Debug|Any CPU.Build.0 = Debug|Any CPU
		{DE1A85D1-2395-4A4B-A250-86F06540148A}.Release|Any CPU.ActiveCfg = Release|Any CPU
		{DE1A85D1-2395-4A4B-A250-86F06540148A}.Release|Any CPU.Build.0 = Release|Any CPU
		{E086B289-E0CF-4204-8A47-B5BA70C61BB8}.Debug|Any CPU.ActiveCfg = Debug|Any CPU
		{E086B289-E0CF-4204-8A47-B5BA70C61BB8}.Debug|Any CPU.Build.0 = Debug|Any CPU
		{E086B289-E0CF-4204-8A47-B5BA70C61BB8}.Release|Any CPU.ActiveCfg = Release|Any CPU
		{E086B289-E0CF-4204-8A47-B5BA70C61BB8}.Release|Any CPU.Build.0 = Release|Any CPU
		{919266ED-24B7-4B33-80F8-05FA250EE11D}.Debug|Any CPU.ActiveCfg = Debug|Any CPU
		{919266ED-24B7-4B33-80F8-05FA250EE11D}.Debug|Any CPU.Build.0 = Debug|Any CPU
		{919266ED-24B7-4B33-80F8-05FA250EE11D}.Release|Any CPU.ActiveCfg = Release|Any CPU
		{919266ED-24B7-4B33-80F8-05FA250EE11D}.Release|Any CPU.Build.0 = Release|Any CPU
		{CED12440-920D-4706-955C-8045F2B183C5}.Debug|Any CPU.ActiveCfg = Debug|Any CPU
		{CED12440-920D-4706-955C-8045F2B183C5}.Debug|Any CPU.Build.0 = Debug|Any CPU
		{CED12440-920D-4706-955C-8045F2B183C5}.Release|Any CPU.ActiveCfg = Release|Any CPU
		{CED12440-920D-4706-955C-8045F2B183C5}.Release|Any CPU.Build.0 = Release|Any CPU
		{B9718C8F-9EC7-4941-9F7D-F7732CD63D6F}.Debug|Any CPU.ActiveCfg = Debug|Any CPU
		{B9718C8F-9EC7-4941-9F7D-F7732CD63D6F}.Debug|Any CPU.Build.0 = Debug|Any CPU
		{B9718C8F-9EC7-4941-9F7D-F7732CD63D6F}.Release|Any CPU.ActiveCfg = Release|Any CPU
		{B9718C8F-9EC7-4941-9F7D-F7732CD63D6F}.Release|Any CPU.Build.0 = Release|Any CPU
		{206A3BB4-6B80-49C7-87FA-104DB5DBAD0F}.Debug|Any CPU.ActiveCfg = Debug|Any CPU
		{206A3BB4-6B80-49C7-87FA-104DB5DBAD0F}.Debug|Any CPU.Build.0 = Debug|Any CPU
		{206A3BB4-6B80-49C7-87FA-104DB5DBAD0F}.Release|Any CPU.ActiveCfg = Release|Any CPU
		{206A3BB4-6B80-49C7-87FA-104DB5DBAD0F}.Release|Any CPU.Build.0 = Release|Any CPU
	EndGlobalSection
	GlobalSection(SolutionProperties) = preSolution
		HideSolutionNode = FALSE
	EndGlobalSection
	GlobalSection(NestedProjects) = preSolution
		{FAD31687-FF4F-44DD-8771-65A64354310C} = {02EA681E-C7D8-13C7-8484-4AC65E1B71E8}
		{5966E9EB-0376-4EE6-A5A5-2D6106923BC3} = {02EA681E-C7D8-13C7-8484-4AC65E1B71E8}
		{566310DC-33A5-4884-AF32-CC086BA64A33} = {02EA681E-C7D8-13C7-8484-4AC65E1B71E8}
		{37B6F188-D227-47AA-8FCF-50931137D725} = {0C3D3307-0537-4D72-A9FF-DE5EB0656AB6}
		{31E37E9D-5090-409C-82D7-1DEAFB21DB97} = {0C3D3307-0537-4D72-A9FF-DE5EB0656AB6}
		{1FEE0AA2-7B33-4E9A-8718-9E0341809739} = {0C3D3307-0537-4D72-A9FF-DE5EB0656AB6}
		{C5BBC543-B44C-4806-A103-4CE6F2E94A07} = {2B74CC0A-67EA-401A-AF0E-520C33E8EF27}
		{165A5B90-ED24-4433-86DE-1D24494DBCD9} = {2B74CC0A-67EA-401A-AF0E-520C33E8EF27}
		{FD39CF8C-4E8F-4126-8BFA-464A84A083B7} = {2B74CC0A-67EA-401A-AF0E-520C33E8EF27}
		{DE1A85D1-2395-4A4B-A250-86F06540148A} = {2659BF6F-D623-44FB-9C0F-EF3F5935342F}
		{E086B289-E0CF-4204-8A47-B5BA70C61BB8} = {2659BF6F-D623-44FB-9C0F-EF3F5935342F}
		{919266ED-24B7-4B33-80F8-05FA250EE11D} = {2659BF6F-D623-44FB-9C0F-EF3F5935342F}
		{CED12440-920D-4706-955C-8045F2B183C5} = {1930E066-1C88-4297-9BE0-F367684F3878}
		{B9718C8F-9EC7-4941-9F7D-F7732CD63D6F} = {1930E066-1C88-4297-9BE0-F367684F3878}
		{206A3BB4-6B80-49C7-87FA-104DB5DBAD0F} = {1930E066-1C88-4297-9BE0-F367684F3878}
	EndGlobalSection
	GlobalSection(ExtensibilityGlobals) = postSolution
		SolutionGuid = {8D3F4735-B61D-444D-98FE-B141AA7A58F9}
	EndGlobalSection
EndGlobal
