
Microsoft Visual Studio Solution File, Format Version 12.00
# Visual Studio Version 17
VisualStudioVersion = 17.14.36414.22 d17.14
MinimumVisualStudioVersion = 10.0.40219.1
Project("{2150E333-8FDC-42A3-9474-1A3956D46DE8}") = "Task0", "Task0", "{02EA681E-C7D8-13C7-8484-4AC65E1B71E8}"
EndProject
Project("{FAE04EC0-301F-11D3-BF4B-00C04F79EFBC}") = "Tyuiu.MedvedevDP.Sprint4.Task0.V19", "Tyuiu.MedvedevDP.Sprint4.Task0.V19\Tyuiu.MedvedevDP.Sprint4.Task0.V19.csproj", "{FAD31687-FF4F-44DD-8771-65A64354310C}"
EndProject
Project("{FAE04EC0-301F-11D3-BF4B-00C04F79EFBC}") = "Tyuiu.MedvedevDP.Sprint4.Task0.V19.Lib", "Tyuiu.MedvedevDP.Sprint4.Task0.V19.Lib\Tyuiu.MedvedevDP.Sprint4.Task0.V19.Lib.csproj", "{5966E9EB-0376-4EE6-A5A5-2D6106923BC3}"
EndProject
Project("{FAE04EC0-301F-11D3-BF4B-00C04F79EFBC}") = "Tyuiu.MedvedevDP.Sprint4.Task0.V19.Test", "Tyuiu.MedvedevDP.Sprint4.Task0.V19.Test\Tyuiu.MedvedevDP.Sprint4.Task0.V19.Test.csproj", "{566310DC-33A5-4884-AF32-CC086BA64A33}"
EndProject
Project("{2150E333-8FDC-42A3-9474-1A3956D46DE8}") = "Task1", "Task1", "{0C3D3307-0537-4D72-A9FF-DE5EB0656AB6}"
EndProject
Project("{FAE04EC0-301F-11D3-BF4B-00C04F79EFBC}") = "Tyuiu.MedvedevDP.Sprint4.Task1.V20", "Tyuiu.MedvedevDP.Sprint4.Task1.V20\Tyuiu.MedvedevDP.Sprint4.Task1.V20.csproj", "{37B6F188-D227-47AA-8FCF-50931137D725}"
EndProject
Project("{FAE04EC0-301F-11D3-BF4B-00C04F79EFBC}") = "Tyuiu.MedvedevDP.Sprint4.Task1.V20.Lib", "Tyuiu.MedvedevDP.Sprint4.Task1.V20.Lib\Tyuiu.MedvedevDP.Sprint4.Task1.V20.Lib.csproj", "{31E37E9D-5090-409C-82D7-1DEAFB21DB97}"
EndProject
Project("{FAE04EC0-301F-11D3-BF4B-00C04F79EFBC}") = "Tyuiu.MedvedevDP.Sprint4.Task1.V20.Test", "Tyuiu.MedvedevDP.Sprint4.Task1.V20.Test\Tyuiu.MedvedevDP.Sprint4.Task1.V20.Test.csproj", "{1FEE0AA2-7B33-4E9A-8718-9E0341809739}"
EndProject
Global
	GlobalSection(SolutionConfigurationPlatforms) = preSolution
		Debug|Any CPU = Debug|Any CPU
		Release|Any CPU = Release|Any CPU
	EndGlobalSection
	GlobalSection(ProjectConfigurationPlatforms) = postSolution
		{FAD31687-FF4F-44DD-8771-65A64354310C}.Debug|Any CPU.ActiveCfg = Debug|Any CPU
		{FAD31687-FF4F-44DD-8771-65A64354310C}.Debug|Any CPU.Build.0 = Debug|Any CPU
		{FAD31687-FF4F-44DD-8771-65A64354310C}.Release|Any CPU.ActiveCfg = Release|Any CPU
		{FAD31687-FF4F-44DD-8771-65A64354310C}.Release|Any CPU.Build.0 = Release|Any CPU
		{5966E9EB-0376-4EE6-A5A5-2D6106923BC3}.Debug|Any CPU.ActiveCfg = Debug|Any CPU
		{5966E9EB-0376-4EE6-A5A5-2D6106923BC3}.Debug|Any CPU.Build.0 = Debug|Any CPU
		{5966E9EB-0376-4EE6-A5A5-2D6106923BC3}.Release|Any CPU.ActiveCfg = Release|Any CPU
		{5966E9EB-0376-4EE6-A5A5-2D6106923BC3}.Release|Any CPU.Build.0 = Release|Any CPU
		{566310DC-33A5-4884-AF32-CC086BA64A33}.Debug|Any CPU.ActiveCfg = Debug|Any CPU
		{566310DC-33A5-4884-AF32-CC086BA64A33}.Debug|Any CPU.Build.0 = Debug|Any CPU
		{566310DC-33A5-4884-AF32-CC086BA64A33}.Release|Any CPU.ActiveCfg = Release|Any CPU
		{566310DC-33A5-4884-AF32-CC086BA64A33}.Release|Any CPU.Build.0 = Release|Any CPU
		{37B6F188-D227-47AA-8FCF-50931137D725}.Debug|Any CPU.ActiveCfg = Debug|Any CPU
		{37B6F188-D227-47AA-8FCF-50931137D725}.Debug|Any CPU.Build.0 = Debug|Any CPU
		{37B6F188-D227-47AA-8FCF-50931137D725}.Release|Any CPU.ActiveCfg = Release|Any CPU
		{37B6F188-D227-47AA-8FCF-50931137D725}.Release|Any CPU.Build.0 = Release|Any CPU
		{31E37E9D-5090-409C-82D7-1DEAFB21DB97}.Debug|Any CPU.ActiveCfg = Debug|Any CPU
		{31E37E9D-5090-409C-82D7-1DEAFB21DB97}.Debug|Any CPU.Build.0 = Debug|Any CPU
		{31E37E9D-5090-409C-82D7-1DEAFB21DB97}.Release|Any CPU.ActiveCfg = Release|Any CPU
		{31E37E9D-5090-409C-82D7-1DEAFB21DB97}.Release|Any CPU.Build.0 = Release|Any CPU
		{1FEE0AA2-7B33-4E9A-8718-9E0341809739}.Debug|Any CPU.ActiveCfg = Debug|Any CPU
		{1FEE0AA2-7B33-4E9A-8718-9E0341809739}.Debug|Any CPU.Build.0 = Debug|Any CPU
		{1FEE0AA2-7B33-4E9A-8718-9E0341809739}.Release|Any CPU.ActiveCfg = Release|Any CPU
		{1FEE0AA2-7B33-4E9A-8718-9E0341809739}.Release|Any CPU.Build.0 = Release|Any CPU
	EndGlobalSection
	GlobalSection(SolutionProperties) = preSolution
		HideSolutionNode = FALSE
	EndGlobalSection
	GlobalSection(NestedProjects) = preSolution
		{FAD31687-FF4F-44DD-8771-65A64354310C} = {02EA681E-C7D8-13C7-8484-4AC65E1B71E8}
		{5966E9EB-0376-4EE6-A5A5-2D6106923BC3} = {02EA681E-C7D8-13C7-8484-4AC65E1B71E8}
		{566310DC-33A5-4884-AF32-CC086BA64A33} = {02EA681E-C7D8-13C7-8484-4AC65E1B71E8}
		{37B6F188-D227-47AA-8FCF-50931137D725} = {0C3D3307-0537-4D72-A9FF-DE5EB0656AB6}
		{31E37E9D-5090-409C-82D7-1DEAFB21DB97} = {0C3D3307-0537-4D72-A9FF-DE5EB0656AB6}
		{1FEE0AA2-7B33-4E9A-8718-9E0341809739} = {0C3D3307-0537-4D72-A9FF-DE5EB0656AB6}
	EndGlobalSection
	GlobalSection(ExtensibilityGlobals) = postSolution
		SolutionGuid = {8D3F4735-B61D-444D-98FE-B141AA7A58F9}
	EndGlobalSection
EndGlobal
